
Microsoft Visual Studio Solution File, Format Version 12.00
# Visual Studio 15
Project("{FAE04EC0-301F-11D3-BF4B-00C04F79EFBC}") = "AstarPathfindingProject", "AstarPathfindingProject.csproj", "{C89CC6DF-E0FB-FDC5-534C-1B8426544D14}"
EndProject
Project("{FAE04EC0-301F-11D3-BF4B-00C04F79EFBC}") = "Assembly-CSharp", "Assembly-CSharp.csproj", "{BC4752E4-60F7-77F8-ED2A-9CFF28E0438D}"
EndProject
Project("{FAE04EC0-301F-11D3-BF4B-00C04F79EFBC}") = "Tests", "Tests.csproj", "{1E72C027-962C-1165-3656-3E59F50BC496}"
EndProject
Project("{FAE04EC0-301F-11D3-BF4B-00C04F79EFBC}") = "AstarPathfindingProjectEditor", "AstarPathfindingProjectEditor.csproj", "{4236D186-102D-74C4-3C69-A276E6E3D20A}"
EndProject
Project("{FAE04EC0-301F-11D3-BF4B-00C04F79EFBC}") = "PackageToolsEditor", "PackageToolsEditor.csproj", "{6BD7BE4D-7D00-51E9-E08D-D1BF2DE2612F}"
EndProject
Project("{FAE04EC0-301F-11D3-BF4B-00C04F79EFBC}") = "Assembly-CSharp-Editor", "Assembly-CSharp-Editor.csproj", "{7E5D4A87-0CE3-CCD7-D298-1B82DF320135}"
EndProject
Global
	GlobalSection(SolutionConfigurationPlatforms) = preSolution
		Debug|Any CPU = Debug|Any CPU
		Release|Any CPU = Release|Any CPU
	EndGlobalSection
	GlobalSection(ProjectConfigurationPlatforms) = postSolution
		{C89CC6DF-E0FB-FDC5-534C-1B8426544D14}.Debug|Any CPU.ActiveCfg = Debug|Any CPU
		{C89CC6DF-E0FB-FDC5-534C-1B8426544D14}.Debug|Any CPU.Build.0 = Debug|Any CPU
		{C89CC6DF-E0FB-FDC5-534C-1B8426544D14}.Release|Any CPU.ActiveCfg = Release|Any CPU
		{C89CC6DF-E0FB-FDC5-534C-1B8426544D14}.Release|Any CPU.Build.0 = Release|Any CPU
		{BC4752E4-60F7-77F8-ED2A-9CFF28E0438D}.Debug|Any CPU.ActiveCfg = Debug|Any CPU
		{BC4752E4-60F7-77F8-ED2A-9CFF28E0438D}.Debug|Any CPU.Build.0 = Debug|Any CPU
		{BC4752E4-60F7-77F8-ED2A-9CFF28E0438D}.Release|Any CPU.ActiveCfg = Release|Any CPU
		{BC4752E4-60F7-77F8-ED2A-9CFF28E0438D}.Release|Any CPU.Build.0 = Release|Any CPU
		{1E72C027-962C-1165-3656-3E59F50BC496}.Debug|Any CPU.ActiveCfg = Debug|Any CPU
		{1E72C027-962C-1165-3656-3E59F50BC496}.Debug|Any CPU.Build.0 = Debug|Any CPU
		{1E72C027-962C-1165-3656-3E59F50BC496}.Release|Any CPU.ActiveCfg = Release|Any CPU
		{1E72C027-962C-1165-3656-3E59F50BC496}.Release|Any CPU.Build.0 = Release|Any CPU
		{4236D186-102D-74C4-3C69-A276E6E3D20A}.Debug|Any CPU.ActiveCfg = Debug|Any CPU
		{4236D186-102D-74C4-3C69-A276E6E3D20A}.Debug|Any CPU.Build.0 = Debug|Any CPU
		{4236D186-102D-74C4-3C69-A276E6E3D20A}.Release|Any CPU.ActiveCfg = Release|Any CPU
		{4236D186-102D-74C4-3C69-A276E6E3D20A}.Release|Any CPU.Build.0 = Release|Any CPU
		{6BD7BE4D-7D00-51E9-E08D-D1BF2DE2612F}.Debug|Any CPU.ActiveCfg = Debug|Any CPU
		{6BD7BE4D-7D00-51E9-E08D-D1BF2DE2612F}.Debug|Any CPU.Build.0 = Debug|Any CPU
		{6BD7BE4D-7D00-51E9-E08D-D1BF2DE2612F}.Release|Any CPU.ActiveCfg = Release|Any CPU
		{6BD7BE4D-7D00-51E9-E08D-D1BF2DE2612F}.Release|Any CPU.Build.0 = Release|Any CPU
		{7E5D4A87-0CE3-CCD7-D298-1B82DF320135}.Debug|Any CPU.ActiveCfg = Debug|Any CPU
		{7E5D4A87-0CE3-CCD7-D298-1B82DF320135}.Debug|Any CPU.Build.0 = Debug|Any CPU
		{7E5D4A87-0CE3-CCD7-D298-1B82DF320135}.Release|Any CPU.ActiveCfg = Release|Any CPU
		{7E5D4A87-0CE3-CCD7-D298-1B82DF320135}.Release|Any CPU.Build.0 = Release|Any CPU
	EndGlobalSection
	GlobalSection(SolutionProperties) = preSolution
		HideSolutionNode = FALSE
	EndGlobalSection
EndGlobal
